{
  "requires": true,
  "lockfileVersion": 1,
  "dependencies": {
    "ngx-markdown-editor": {
      "version": "3.3.0",
      "resolved": "https://registry.npmjs.org/ngx-markdown-editor/-/ngx-markdown-editor-3.3.0.tgz",
      "integrity": "sha512-UhjILD5n3XLx7zypYVTBIUr3edquEJhykSj/ABQPKu2+BW2F0r6ZhWvtpoeBVxc6sGxBjb5S5cxSOfZxQD6gjA=="
    }
  }
}
